
Microsoft Visual Studio Solution File, Format Version 12.00
Project("{FAE04EC0-301F-11D3-BF4B-00C04F79EFBC}") = "Backups2", "Backups2\Backups2.csproj", "{B88BE4C3-EC47-4B41-AE94-301C596FC254}"
EndProject
Global
	GlobalSection(SolutionConfigurationPlatforms) = preSolution
		Debug|Any CPU = Debug|Any CPU
		Release|Any CPU = Release|Any CPU
	EndGlobalSection
	GlobalSection(ProjectConfigurationPlatforms) = postSolution
		{B88BE4C3-EC47-4B41-AE94-301C596FC254}.Debug|Any CPU.ActiveCfg = Debug|Any CPU
		{B88BE4C3-EC47-4B41-AE94-301C596FC254}.Debug|Any CPU.Build.0 = Debug|Any CPU
		{B88BE4C3-EC47-4B41-AE94-301C596FC254}.Release|Any CPU.ActiveCfg = Release|Any CPU
		{B88BE4C3-EC47-4B41-AE94-301C596FC254}.Release|Any CPU.Build.0 = Release|Any CPU
	EndGlobalSection
EndGlobal
